
Microsoft Visual Studio Solution File, Format Version 12.00
# Visual Studio Version 17
VisualStudioVersion = 17.11.35327.3
MinimumVisualStudioVersion = 10.0.40219.1
Project("{FAE04EC0-301F-11D3-BF4B-00C04F79EFBC}") = "exerciciosC#", "exerciciosC#\exerciciosC#.csproj", "{D490273E-3351-45DB-97D1-73D9F8D53722}"
EndProject
Global
	GlobalSection(SolutionConfigurationPlatforms) = preSolution
		Debug|Any CPU = Debug|Any CPU
		Release|Any CPU = Release|Any CPU
	EndGlobalSection
	GlobalSection(ProjectConfigurationPlatforms) = postSolution
		{D490273E-3351-45DB-97D1-73D9F8D53722}.Debug|Any CPU.ActiveCfg = Debug|Any CPU
		{D490273E-3351-45DB-97D1-73D9F8D53722}.Debug|Any CPU.Build.0 = Debug|Any CPU
		{D490273E-3351-45DB-97D1-73D9F8D53722}.Release|Any CPU.ActiveCfg = Release|Any CPU
		{D490273E-3351-45DB-97D1-73D9F8D53722}.Release|Any CPU.Build.0 = Release|Any CPU
	EndGlobalSection
	GlobalSection(SolutionProperties) = preSolution
		HideSolutionNode = FALSE
	EndGlobalSection
	GlobalSection(ExtensibilityGlobals) = postSolution
		SolutionGuid = {6DE95035-F304-417E-B5FD-688E164AC369}
	EndGlobalSection
EndGlobal
